
Microsoft Visual Studio Solution File, Format Version 12.00
# Visual Studio Version 17
VisualStudioVersion = 17.12.35527.113
MinimumVisualStudioVersion = 10.0.40219.1
Project("{2150E333-8FDC-42A3-9474-1A3956D46DE8}") = "src", "src", "{94487CE8-9640-4C79-ADAC-766069FF8B0E}"
EndProject
Project("{FAE04EC0-301F-11D3-BF4B-00C04F79EFBC}") = "School.Api", "School.Api\School.Api.csproj", "{925F78CC-6D0C-471A-90C5-1D0F63ABA4AE}"
EndProject
Project("{FAE04EC0-301F-11D3-BF4B-00C04F79EFBC}") = "School.Core", "School.Core\School.Core.csproj", "{E639A8D3-3911-456C-B238-8D5B05229BBD}"
EndProject
Project("{FAE04EC0-301F-11D3-BF4B-00C04F79EFBC}") = "School.Database", "School.Database\School.Database.csproj", "{00626B88-98FD-4059-92E7-A72A87C81074}"
EndProject
Project("{FAE04EC0-301F-11D3-BF4B-00C04F79EFBC}") = "School.Infrastructure", "School.Infrastructure\School.Infrastructure.csproj", "{1EA9989F-5A9E-0ABA-7859-2A9376F19AD0}"
EndProject
Global
	GlobalSection(SolutionConfigurationPlatforms) = preSolution
		Debug|Any CPU = Debug|Any CPU
		Release|Any CPU = Release|Any CPU
	EndGlobalSection
	GlobalSection(ProjectConfigurationPlatforms) = postSolution
		{925F78CC-6D0C-471A-90C5-1D0F63ABA4AE}.Debug|Any CPU.ActiveCfg = Debug|Any CPU
		{925F78CC-6D0C-471A-90C5-1D0F63ABA4AE}.Debug|Any CPU.Build.0 = Debug|Any CPU
		{925F78CC-6D0C-471A-90C5-1D0F63ABA4AE}.Release|Any CPU.ActiveCfg = Release|Any CPU
		{925F78CC-6D0C-471A-90C5-1D0F63ABA4AE}.Release|Any CPU.Build.0 = Release|Any CPU
		{E639A8D3-3911-456C-B238-8D5B05229BBD}.Debug|Any CPU.ActiveCfg = Debug|Any CPU
		{E639A8D3-3911-456C-B238-8D5B05229BBD}.Debug|Any CPU.Build.0 = Debug|Any CPU
		{E639A8D3-3911-456C-B238-8D5B05229BBD}.Release|Any CPU.ActiveCfg = Release|Any CPU
		{E639A8D3-3911-456C-B238-8D5B05229BBD}.Release|Any CPU.Build.0 = Release|Any CPU
		{00626B88-98FD-4059-92E7-A72A87C81074}.Debug|Any CPU.ActiveCfg = Debug|Any CPU
		{00626B88-98FD-4059-92E7-A72A87C81074}.Debug|Any CPU.Build.0 = Debug|Any CPU
		{00626B88-98FD-4059-92E7-A72A87C81074}.Release|Any CPU.ActiveCfg = Release|Any CPU
		{00626B88-98FD-4059-92E7-A72A87C81074}.Release|Any CPU.Build.0 = Release|Any CPU
		{1EA9989F-5A9E-0ABA-7859-2A9376F19AD0}.Debug|Any CPU.ActiveCfg = Debug|Any CPU
		{1EA9989F-5A9E-0ABA-7859-2A9376F19AD0}.Debug|Any CPU.Build.0 = Debug|Any CPU
		{1EA9989F-5A9E-0ABA-7859-2A9376F19AD0}.Release|Any CPU.ActiveCfg = Release|Any CPU
		{1EA9989F-5A9E-0ABA-7859-2A9376F19AD0}.Release|Any CPU.Build.0 = Release|Any CPU
	EndGlobalSection
	GlobalSection(SolutionProperties) = preSolution
		HideSolutionNode = FALSE
	EndGlobalSection
	GlobalSection(NestedProjects) = preSolution
		{925F78CC-6D0C-471A-90C5-1D0F63ABA4AE} = {94487CE8-9640-4C79-ADAC-766069FF8B0E}
		{E639A8D3-3911-456C-B238-8D5B05229BBD} = {94487CE8-9640-4C79-ADAC-766069FF8B0E}
		{00626B88-98FD-4059-92E7-A72A87C81074} = {94487CE8-9640-4C79-ADAC-766069FF8B0E}
		{1EA9989F-5A9E-0ABA-7859-2A9376F19AD0} = {94487CE8-9640-4C79-ADAC-766069FF8B0E}
	EndGlobalSection
	GlobalSection(ExtensibilityGlobals) = postSolution
		SolutionGuid = {7DACB247-33AA-45DB-928E-61202B999CB0}
	EndGlobalSection
EndGlobal
